
Microsoft Visual Studio Solution File, Format Version 12.00
# Visual Studio Version 16
VisualStudioVersion = 16.0.29519.181
MinimumVisualStudioVersion = 10.0.40219.1
Project("{2150E333-8FDC-42A3-9474-1A3956D46DE8}") = "src", "src", "{5FE39F25-F301-41C6-A8FE-E9DAEF48934D}"
EndProject
Project("{9A19103F-16F7-4668-BE54-9A1E7A4F7556}") = "FileHelpers.Fluent.Core", "src\FileHelpers.Fluent.Core\FileHelpers.Fluent.Core.csproj", "{70A9323F-01A3-43F2-BE07-32E0959AFA43}"
EndProject
Project("{9A19103F-16F7-4668-BE54-9A1E7A4F7556}") = "FileHelpers.Fluent.Core.Events", "src\FileHelpers.Fluent.Core.Events\FileHelpers.Fluent.Core.Events.csproj", "{CEAEE26E-2200-4CF0-BEB9-81FF390AF444}"
EndProject
Project("{9A19103F-16F7-4668-BE54-9A1E7A4F7556}") = "FileHelpers.Fluent.Fixed", "src\FileHelpers.Fluent.Fixed\FileHelpers.Fluent.Fixed.csproj", "{4DAF9C7B-5D7F-4860-BBBF-03A6092E56B5}"
EndProject
Project("{2150E333-8FDC-42A3-9474-1A3956D46DE8}") = "tests", "tests", "{14D44001-7CC5-48F0-9DC5-CD8B5FB06248}"
EndProject
Project("{9A19103F-16F7-4668-BE54-9A1E7A4F7556}") = "FileHelpers.Fluent.Fixed.Tests", "tests\FileHelpers.Fluent.Fixed.Tests\FileHelpers.Fluent.Fixed.Tests.csproj", "{67B8F1EB-01F0-4973-8B7C-075A18B9BA63}"
EndProject
Project("{9A19103F-16F7-4668-BE54-9A1E7A4F7556}") = "FileHelpers.Fluent.Xml", "src\FileHelpers.Fluent.Xml\FileHelpers.Fluent.Xml.csproj", "{3AFF88C0-862A-4D4B-9FAB-941CA1B8BD9F}"
EndProject
Project("{9A19103F-16F7-4668-BE54-9A1E7A4F7556}") = "FileHelpers.Fluent.Xml.Tests", "tests\FileHelpers.Fluent.Xml.Tests\FileHelpers.Fluent.Xml.Tests.csproj", "{886EA066-8CEA-4B64-A52C-DD4AB32C2BB7}"
EndProject
Project("{9A19103F-16F7-4668-BE54-9A1E7A4F7556}") = "FileHelpers.Fluent.Delimited", "src\FileHelpers.Fluent.Delimited\FileHelpers.Fluent.Delimited.csproj", "{CC304F0C-9BFF-4BCD-9631-AD386021D781}"
EndProject
Project("{FAE04EC0-301F-11D3-BF4B-00C04F79EFBC}") = "FileHelpers.Fluent.Delimited.Tests", "tests\FileHelpers.Fluent.Delimited.Tests\FileHelpers.Fluent.Delimited.Tests.csproj", "{F76EBA8B-2C2D-4C7A-8694-394180BBA73B}"
EndProject
Global
	GlobalSection(SolutionConfigurationPlatforms) = preSolution
		Debug|Any CPU = Debug|Any CPU
		Release|Any CPU = Release|Any CPU
	EndGlobalSection
	GlobalSection(ProjectConfigurationPlatforms) = postSolution
		{70A9323F-01A3-43F2-BE07-32E0959AFA43}.Debug|Any CPU.ActiveCfg = Debug|Any CPU
		{70A9323F-01A3-43F2-BE07-32E0959AFA43}.Debug|Any CPU.Build.0 = Debug|Any CPU
		{70A9323F-01A3-43F2-BE07-32E0959AFA43}.Release|Any CPU.ActiveCfg = Release|Any CPU
		{70A9323F-01A3-43F2-BE07-32E0959AFA43}.Release|Any CPU.Build.0 = Release|Any CPU
		{CEAEE26E-2200-4CF0-BEB9-81FF390AF444}.Debug|Any CPU.ActiveCfg = Debug|Any CPU
		{CEAEE26E-2200-4CF0-BEB9-81FF390AF444}.Debug|Any CPU.Build.0 = Debug|Any CPU
		{CEAEE26E-2200-4CF0-BEB9-81FF390AF444}.Release|Any CPU.ActiveCfg = Release|Any CPU
		{CEAEE26E-2200-4CF0-BEB9-81FF390AF444}.Release|Any CPU.Build.0 = Release|Any CPU
		{4DAF9C7B-5D7F-4860-BBBF-03A6092E56B5}.Debug|Any CPU.ActiveCfg = Debug|Any CPU
		{4DAF9C7B-5D7F-4860-BBBF-03A6092E56B5}.Debug|Any CPU.Build.0 = Debug|Any CPU
		{4DAF9C7B-5D7F-4860-BBBF-03A6092E56B5}.Release|Any CPU.ActiveCfg = Release|Any CPU
		{4DAF9C7B-5D7F-4860-BBBF-03A6092E56B5}.Release|Any CPU.Build.0 = Release|Any CPU
		{67B8F1EB-01F0-4973-8B7C-075A18B9BA63}.Debug|Any CPU.ActiveCfg = Debug|Any CPU
		{67B8F1EB-01F0-4973-8B7C-075A18B9BA63}.Debug|Any CPU.Build.0 = Debug|Any CPU
		{67B8F1EB-01F0-4973-8B7C-075A18B9BA63}.Release|Any CPU.ActiveCfg = Release|Any CPU
		{67B8F1EB-01F0-4973-8B7C-075A18B9BA63}.Release|Any CPU.Build.0 = Release|Any CPU
		{3AFF88C0-862A-4D4B-9FAB-941CA1B8BD9F}.Debug|Any CPU.ActiveCfg = Debug|Any CPU
		{3AFF88C0-862A-4D4B-9FAB-941CA1B8BD9F}.Debug|Any CPU.Build.0 = Debug|Any CPU
		{3AFF88C0-862A-4D4B-9FAB-941CA1B8BD9F}.Release|Any CPU.ActiveCfg = Release|Any CPU
		{3AFF88C0-862A-4D4B-9FAB-941CA1B8BD9F}.Release|Any CPU.Build.0 = Release|Any CPU
		{886EA066-8CEA-4B64-A52C-DD4AB32C2BB7}.Debug|Any CPU.ActiveCfg = Debug|Any CPU
		{886EA066-8CEA-4B64-A52C-DD4AB32C2BB7}.Debug|Any CPU.Build.0 = Debug|Any CPU
		{886EA066-8CEA-4B64-A52C-DD4AB32C2BB7}.Release|Any CPU.ActiveCfg = Release|Any CPU
		{886EA066-8CEA-4B64-A52C-DD4AB32C2BB7}.Release|Any CPU.Build.0 = Release|Any CPU
		{CC304F0C-9BFF-4BCD-9631-AD386021D781}.Debug|Any CPU.ActiveCfg = Debug|Any CPU
		{CC304F0C-9BFF-4BCD-9631-AD386021D781}.Debug|Any CPU.Build.0 = Debug|Any CPU
		{CC304F0C-9BFF-4BCD-9631-AD386021D781}.Release|Any CPU.ActiveCfg = Release|Any CPU
		{CC304F0C-9BFF-4BCD-9631-AD386021D781}.Release|Any CPU.Build.0 = Release|Any CPU
		{F76EBA8B-2C2D-4C7A-8694-394180BBA73B}.Debug|Any CPU.ActiveCfg = Debug|Any CPU
		{F76EBA8B-2C2D-4C7A-8694-394180BBA73B}.Debug|Any CPU.Build.0 = Debug|Any CPU
		{F76EBA8B-2C2D-4C7A-8694-394180BBA73B}.Release|Any CPU.ActiveCfg = Release|Any CPU
		{F76EBA8B-2C2D-4C7A-8694-394180BBA73B}.Release|Any CPU.Build.0 = Release|Any CPU
	EndGlobalSection
	GlobalSection(SolutionProperties) = preSolution
		HideSolutionNode = FALSE
	EndGlobalSection
	GlobalSection(NestedProjects) = preSolution
		{70A9323F-01A3-43F2-BE07-32E0959AFA43} = {5FE39F25-F301-41C6-A8FE-E9DAEF48934D}
		{CEAEE26E-2200-4CF0-BEB9-81FF390AF444} = {5FE39F25-F301-41C6-A8FE-E9DAEF48934D}
		{4DAF9C7B-5D7F-4860-BBBF-03A6092E56B5} = {5FE39F25-F301-41C6-A8FE-E9DAEF48934D}
		{67B8F1EB-01F0-4973-8B7C-075A18B9BA63} = {14D44001-7CC5-48F0-9DC5-CD8B5FB06248}
		{3AFF88C0-862A-4D4B-9FAB-941CA1B8BD9F} = {5FE39F25-F301-41C6-A8FE-E9DAEF48934D}
		{886EA066-8CEA-4B64-A52C-DD4AB32C2BB7} = {14D44001-7CC5-48F0-9DC5-CD8B5FB06248}
		{CC304F0C-9BFF-4BCD-9631-AD386021D781} = {5FE39F25-F301-41C6-A8FE-E9DAEF48934D}
		{F76EBA8B-2C2D-4C7A-8694-394180BBA73B} = {14D44001-7CC5-48F0-9DC5-CD8B5FB06248}
	EndGlobalSection
	GlobalSection(ExtensibilityGlobals) = postSolution
		SolutionGuid = {D4A1DCAD-189F-4D1D-921F-B88D6B8CCED3}
	EndGlobalSection
EndGlobal
